// !$*UTF8*$!
{
	archiveVersion = 1;
	classes = {
	};
	objectVersion = 55;
	objects = {

/* Begin PBXBuildFile section */
		5BB74FDC2D7311E6001D92C9 /* Shimmer in Frameworks */ = {isa = PBXBuildFile; productRef = 5BB74FDB2D7311E6001D92C9 /* Shimmer */; };
		5BC0EA1F2948E3BC00E07674 /* Gas4OilTests.swift in Sources */ = {isa = PBXBuildFile; fileRef = 5BC0EA1E2948E3BC00E07674 /* Gas4OilTests.swift */; };
		A406706327D8BE5F00193D36 /* FavoriteStations.swift in Sources */ = {isa = PBXBuildFile; fileRef = A406706227D8BE5E00193D36 /* FavoriteStations.swift */; };
		A4C1B0022D9B000100000002 /* ThemePreference.swift in Sources */ = {isa = PBXBuildFile; fileRef = A4C1B0012D9B000100000001 /* ThemePreference.swift */; };
		A4C1B0032D9B000100000003 /* ThemePreference.swift in Sources */ = {isa = PBXBuildFile; fileRef = A4C1B0012D9B000100000001 /* ThemePreference.swift */; };
		A406706427D8BE5F00193D36 /* FavoriteStations.swift in Sources */ = {isa = PBXBuildFile; fileRef = A406706227D8BE5E00193D36 /* FavoriteStations.swift */; };
		A406706D27D90F8D00193D36 /* MainTabView.swift in Sources */ = {isa = PBXBuildFile; fileRef = A406706C27D90F8D00193D36 /* MainTabView.swift */; };
		A406706E27D90F8D00193D36 /* MainTabView.swift in Sources */ = {isa = PBXBuildFile; fileRef = A406706C27D90F8D00193D36 /* MainTabView.swift */; };
		A41249F027FC24A50018BDB4 /* AdView.swift in Sources */ = {isa = PBXBuildFile; fileRef = A41249EF27FC24A50018BDB4 /* AdView.swift */; };
		A41249F127FC24A50018BDB4 /* AdView.swift in Sources */ = {isa = PBXBuildFile; fileRef = A41249EF27FC24A50018BDB4 /* AdView.swift */; };
		A416FCA427E663C200FCC16A /* LottieView.swift in Sources */ = {isa = PBXBuildFile; fileRef = A416FCA327E663C200FCC16A /* LottieView.swift */; };
		A416FCAA27E6977700FCC16A /* location.json in Resources */ = {isa = PBXBuildFile; fileRef = A416FCA927E6977700FCC16A /* location.json */; };
		A416FCAB27E6977700FCC16A /* location.json in Resources */ = {isa = PBXBuildFile; fileRef = A416FCA927E6977700FCC16A /* location.json */; };
		A444764F27D12DB600B25303 /* Gas4OilApp.swift in Sources */ = {isa = PBXBuildFile; fileRef = A444763F27D12DB500B25303 /* Gas4OilApp.swift */; };
		A444765327D12DB600B25303 /* Assets.xcassets in Resources */ = {isa = PBXBuildFile; fileRef = A444764127D12DB600B25303 /* Assets.xcassets */; };
		A444765427D12DB600B25303 /* Assets.xcassets in Resources */ = {isa = PBXBuildFile; fileRef = A444764127D12DB600B25303 /* Assets.xcassets */; };
		A444766E27D13A8300B25303 /* Font.swift in Sources */ = {isa = PBXBuildFile; fileRef = A444766B27D13A3100B25303 /* Font.swift */; };
		A444766F27D13A8300B25303 /* Font.swift in Sources */ = {isa = PBXBuildFile; fileRef = A444766B27D13A3100B25303 /* Font.swift */; };
		A444767227D13A8A00B25303 /* LocationManager.swift in Sources */ = {isa = PBXBuildFile; fileRef = A444766827D1380F00B25303 /* LocationManager.swift */; };
		A444767327D13A8B00B25303 /* LocationManager.swift in Sources */ = {isa = PBXBuildFile; fileRef = A444766827D1380F00B25303 /* LocationManager.swift */; };
		A444767427D13A8E00B25303 /* Network.swift in Sources */ = {isa = PBXBuildFile; fileRef = A444766D27D13A4F00B25303 /* Network.swift */; };
		A444767527D13A8E00B25303 /* Network.swift in Sources */ = {isa = PBXBuildFile; fileRef = A444766D27D13A4F00B25303 /* Network.swift */; };
		A444767927D143C500B25303 /* gas_station.json in Resources */ = {isa = PBXBuildFile; fileRef = A444767827D143C500B25303 /* gas_station.json */; };
		A444767A27D143C500B25303 /* gas_station.json in Resources */ = {isa = PBXBuildFile; fileRef = A444767827D143C500B25303 /* gas_station.json */; };
		A444767E27D17A5D00B25303 /* ProgressView.swift in Sources */ = {isa = PBXBuildFile; fileRef = A444767D27D17A5D00B25303 /* ProgressView.swift */; };
		A444767F27D17A5D00B25303 /* ProgressView.swift in Sources */ = {isa = PBXBuildFile; fileRef = A444767D27D17A5D00B25303 /* ProgressView.swift */; };
		A444768427D1887A00B25303 /* StationsEngine.swift in Sources */ = {isa = PBXBuildFile; fileRef = A444768327D1887A00B25303 /* StationsEngine.swift */; };
		A444768527D1887A00B25303 /* StationsEngine.swift in Sources */ = {isa = PBXBuildFile; fileRef = A444768327D1887A00B25303 /* StationsEngine.swift */; };
		A44F419B28102FBF00CE8C81 /* Shimmer in Frameworks */ = {isa = PBXBuildFile; productRef = A44F419A28102FBF00CE8C81 /* Shimmer */; };
		A44F419D28113C6F00CE8C81 /* FakeView.swift in Sources */ = {isa = PBXBuildFile; fileRef = A44F419C28113C6F00CE8C81 /* FakeView.swift */; };
		A44F419E28113C6F00CE8C81 /* FakeView.swift in Sources */ = {isa = PBXBuildFile; fileRef = A44F419C28113C6F00CE8C81 /* FakeView.swift */; };
		A45D27A427E8E0F800C724D6 /* Lottie in Frameworks */ = {isa = PBXBuildFile; productRef = A45D27A327E8E0F800C724D6 /* Lottie */; };
		A46E057D27FB5D7100697A57 /* Gas4OilApp.swift in Sources */ = {isa = PBXBuildFile; fileRef = A444763F27D12DB500B25303 /* Gas4OilApp.swift */; };
		A46E057F27FB5D9300697A57 /* AppDelegate.swift in Sources */ = {isa = PBXBuildFile; fileRef = A46E057E27FB5D9300697A57 /* AppDelegate.swift */; };
		A46E058127FB69C400697A57 /* BackgroundTaskManager.swift in Sources */ = {isa = PBXBuildFile; fileRef = A46E058027FB69C400697A57 /* BackgroundTaskManager.swift */; };
		A4727BF527D519740005736F /* Gas4OilButton.swift in Sources */ = {isa = PBXBuildFile; fileRef = A4727BF427D519740005736F /* Gas4OilButton.swift */; };
		A4727BF627D519740005736F /* Gas4OilButton.swift in Sources */ = {isa = PBXBuildFile; fileRef = A4727BF427D519740005736F /* Gas4OilButton.swift */; };
		A4727BF827D528AF0005736F /* Sequence.swift in Sources */ = {isa = PBXBuildFile; fileRef = A4727BF727D528AF0005736F /* Sequence.swift */; };
		A4727BF927D528AF0005736F /* Sequence.swift in Sources */ = {isa = PBXBuildFile; fileRef = A4727BF727D528AF0005736F /* Sequence.swift */; };
		A4727BFC27D57D4B0005736F /* MapView.swift in Sources */ = {isa = PBXBuildFile; fileRef = A4727BFB27D57D4B0005736F /* MapView.swift */; };
		9A6573A5DD72B80BF820A53F /* StationDetailView.swift in Sources */ = {isa = PBXBuildFile; fileRef = 21BA535103D8CD1A540C72E6 /* StationDetailView.swift */; };
		351417841EEE1FE43A1366B4 /* StationDetailView.swift in Sources */ = {isa = PBXBuildFile; fileRef = 21BA535103D8CD1A540C72E6 /* StationDetailView.swift */; };
		A4727BFD27D57D4B0005736F /* MapView.swift in Sources */ = {isa = PBXBuildFile; fileRef = A4727BFB27D57D4B0005736F /* MapView.swift */; };
		A4727BFF27D57D5F0005736F /* MapViewViewModel.swift in Sources */ = {isa = PBXBuildFile; fileRef = A4727BFE27D57D5F0005736F /* MapViewViewModel.swift */; };
		A4727C0027D57D5F0005736F /* MapViewViewModel.swift in Sources */ = {isa = PBXBuildFile; fileRef = A4727BFE27D57D5F0005736F /* MapViewViewModel.swift */; };
		A4727C0327D600BE0005736F /* MapPin.swift in Sources */ = {isa = PBXBuildFile; fileRef = A4727C0227D600BE0005736F /* MapPin.swift */; };
		A4727C0427D600BE0005736F /* MapPin.swift in Sources */ = {isa = PBXBuildFile; fileRef = A4727C0227D600BE0005736F /* MapPin.swift */; };
		A478913A27D9217D001CA76E /* Localizable.strings in Resources */ = {isa = PBXBuildFile; fileRef = A478913D27D9217D001CA76E /* Localizable.strings */; };
		A478913B27D9217D001CA76E /* Localizable.strings in Resources */ = {isa = PBXBuildFile; fileRef = A478913D27D9217D001CA76E /* Localizable.strings */; };
		A478914027D922F4001CA76E /* String.swift in Sources */ = {isa = PBXBuildFile; fileRef = A478913F27D922F4001CA76E /* String.swift */; };
		A478914127D922F4001CA76E /* String.swift in Sources */ = {isa = PBXBuildFile; fileRef = A478913F27D922F4001CA76E /* String.swift */; };
		A47A84AD27F5AB2700AF2892 /* VehicleModelEntity.swift in Sources */ = {isa = PBXBuildFile; fileRef = A47A84AC27F5AB2700AF2892 /* VehicleModelEntity.swift */; };
		A47A84AE27F5AB2700AF2892 /* VehicleModelEntity.swift in Sources */ = {isa = PBXBuildFile; fileRef = A47A84AC27F5AB2700AF2892 /* VehicleModelEntity.swift */; };
		A48581C627DAC54100864885 /* FavoriteListView.swift in Sources */ = {isa = PBXBuildFile; fileRef = A48581C527DAC54100864885 /* FavoriteListView.swift */; };
		A48581C727DAC54100864885 /* FavoriteListView.swift in Sources */ = {isa = PBXBuildFile; fileRef = A48581C527DAC54100864885 /* FavoriteListView.swift */; };
		A48581C927DB3E6000864885 /* MainTabViewViewModel.swift in Sources */ = {isa = PBXBuildFile; fileRef = A48581C827DB3E6000864885 /* MainTabViewViewModel.swift */; };
		A48581CA27DB3E6000864885 /* MainTabViewViewModel.swift in Sources */ = {isa = PBXBuildFile; fileRef = A48581C827DB3E6000864885 /* MainTabViewViewModel.swift */; };
		A48581CC27DB3FE700864885 /* FavoriteListViewViewModel.swift in Sources */ = {isa = PBXBuildFile; fileRef = A48581CB27DB3FE700864885 /* FavoriteListViewViewModel.swift */; };
		A48581CD27DB3FE700864885 /* FavoriteListViewViewModel.swift in Sources */ = {isa = PBXBuildFile; fileRef = A48581CB27DB3FE700864885 /* FavoriteListViewViewModel.swift */; };
		A487AB8327E8A6250085385E /* VehicleView.swift in Sources */ = {isa = PBXBuildFile; fileRef = A487AB8227E8A6250085385E /* VehicleView.swift */; };
		A487AB8427E8A6250085385E /* VehicleView.swift in Sources */ = {isa = PBXBuildFile; fileRef = A487AB8227E8A6250085385E /* VehicleView.swift */; };
		A487AB8627E8B2FF0085385E /* VehicleViewViewModel.swift in Sources */ = {isa = PBXBuildFile; fileRef = A487AB8527E8B2FF0085385E /* VehicleViewViewModel.swift */; };
		A487AB8727E8B2FF0085385E /* VehicleViewViewModel.swift in Sources */ = {isa = PBXBuildFile; fileRef = A487AB8527E8B2FF0085385E /* VehicleViewViewModel.swift */; };
		A487AB8927E8B8530085385E /* VehicleDataStored.swift in Sources */ = {isa = PBXBuildFile; fileRef = A487AB8827E8B8530085385E /* VehicleDataStored.swift */; };
		A487AB8A27E8B8530085385E /* VehicleDataStored.swift in Sources */ = {isa = PBXBuildFile; fileRef = A487AB8827E8B8530085385E /* VehicleDataStored.swift */; };
		A489DF3A27F844D10020D769 /* loading.json in Resources */ = {isa = PBXBuildFile; fileRef = A489DF3927F844D10020D769 /* loading.json */; };
		A489DF3B27F844D10020D769 /* loading.json in Resources */ = {isa = PBXBuildFile; fileRef = A489DF3927F844D10020D769 /* loading.json */; };
		A489DF3E27F997890020D769 /* NotificationBannerSwift in Frameworks */ = {isa = PBXBuildFile; productRef = A489DF3D27F997890020D769 /* NotificationBannerSwift */; };
		A489DF4027F9A2C50020D769 /* Lottie in Frameworks */ = {isa = PBXBuildFile; productRef = A489DF3F27F9A2C50020D769 /* Lottie */; };
		A48F4AA627D2133F0024473D /* StationsModels.swift in Sources */ = {isa = PBXBuildFile; fileRef = A48F4AA527D2133F0024473D /* StationsModels.swift */; };
		A48F4AA727D2133F0024473D /* StationsModels.swift in Sources */ = {isa = PBXBuildFile; fileRef = A48F4AA527D2133F0024473D /* StationsModels.swift */; };
		A48F4AA927D218E80024473D /* DomainConvertible.swift in Sources */ = {isa = PBXBuildFile; fileRef = A48F4AA827D218E80024473D /* DomainConvertible.swift */; };
		A48F4AAA27D218E80024473D /* DomainConvertible.swift in Sources */ = {isa = PBXBuildFile; fileRef = A48F4AA827D218E80024473D /* DomainConvertible.swift */; };
		A48F4AAC27D219270024473D /* Stations.swift in Sources */ = {isa = PBXBuildFile; fileRef = A48F4AAB27D219270024473D /* Stations.swift */; };
		A48F4AAD27D219270024473D /* Stations.swift in Sources */ = {isa = PBXBuildFile; fileRef = A48F4AAB27D219270024473D /* Stations.swift */; };
		A48F4AAF27D4B18D0024473D /* StationsListView.swift in Sources */ = {isa = PBXBuildFile; fileRef = A48F4AAE27D4B18D0024473D /* StationsListView.swift */; };
		A48F4AB027D4B18D0024473D /* StationsListView.swift in Sources */ = {isa = PBXBuildFile; fileRef = A48F4AAE27D4B18D0024473D /* StationsListView.swift */; };
		A48F4AB227D4B1CF0024473D /* StationsListViewViewModel.swift in Sources */ = {isa = PBXBuildFile; fileRef = A48F4AB127D4B1CF0024473D /* StationsListViewViewModel.swift */; };
		A48F4AB327D4B1CF0024473D /* StationsListViewViewModel.swift in Sources */ = {isa = PBXBuildFile; fileRef = A48F4AB127D4B1CF0024473D /* StationsListViewViewModel.swift */; };
		A48F4AB527D4B4B60024473D /* Managers.swift in Sources */ = {isa = PBXBuildFile; fileRef = A48F4AB427D4B4B60024473D /* Managers.swift */; };
		A48F4AB627D4B4B60024473D /* Managers.swift in Sources */ = {isa = PBXBuildFile; fileRef = A48F4AB427D4B4B60024473D /* Managers.swift */; };
		A48F4AB827D4B7E90024473D /* Device.swift in Sources */ = {isa = PBXBuildFile; fileRef = A48F4AB727D4B7E90024473D /* Device.swift */; };
		A48F4AB927D4B7E90024473D /* Device.swift in Sources */ = {isa = PBXBuildFile; fileRef = A48F4AB727D4B7E90024473D /* Device.swift */; };
		A48F4ABC27D4DEA10024473D /* StationView.swift in Sources */ = {isa = PBXBuildFile; fileRef = A48F4ABB27D4DEA10024473D /* StationView.swift */; };
		A48F4ABD27D4DEA10024473D /* StationView.swift in Sources */ = {isa = PBXBuildFile; fileRef = A48F4ABB27D4DEA10024473D /* StationView.swift */; };
		A497C4F827D74C85009E1CC6 /* Double.swift in Sources */ = {isa = PBXBuildFile; fileRef = A497C4F727D74C85009E1CC6 /* Double.swift */; };
		A497C4F927D74C85009E1CC6 /* Double.swift in Sources */ = {isa = PBXBuildFile; fileRef = A497C4F727D74C85009E1CC6 /* Double.swift */; };
		A4A2F8F127F0692000AC92E8 /* View.swift in Sources */ = {isa = PBXBuildFile; fileRef = A4A2F8F027F0692000AC92E8 /* View.swift */; };
		A4A2F8F227F06DA000AC92E8 /* View.swift in Sources */ = {isa = PBXBuildFile; fileRef = A4A2F8F027F0692000AC92E8 /* View.swift */; };
		A4A2F8F427F06F8500AC92E8 /* VehicleEngine.swift in Sources */ = {isa = PBXBuildFile; fileRef = A4A2F8F327F06F8500AC92E8 /* VehicleEngine.swift */; };
		A4A2F8F527F06F8500AC92E8 /* VehicleEngine.swift in Sources */ = {isa = PBXBuildFile; fileRef = A4A2F8F327F06F8500AC92E8 /* VehicleEngine.swift */; };
		A4A2F8F727F073DA00AC92E8 /* VehicleModels.swift in Sources */ = {isa = PBXBuildFile; fileRef = A4A2F8F627F073DA00AC92E8 /* VehicleModels.swift */; };
		A4A2F8F827F073DA00AC92E8 /* VehicleModels.swift in Sources */ = {isa = PBXBuildFile; fileRef = A4A2F8F627F073DA00AC92E8 /* VehicleModels.swift */; };
		A4A2F8FA27F0755F00AC92E8 /* VehicleBrandEntity.swift in Sources */ = {isa = PBXBuildFile; fileRef = A4A2F8F927F0755F00AC92E8 /* VehicleBrandEntity.swift */; };
		A4A2F8FB27F0755F00AC92E8 /* VehicleBrandEntity.swift in Sources */ = {isa = PBXBuildFile; fileRef = A4A2F8F927F0755F00AC92E8 /* VehicleBrandEntity.swift */; };
		A4E70BB227F07AF30097CBF2 /* VehicleStored.swift in Sources */ = {isa = PBXBuildFile; fileRef = A4E70BB127F07AF30097CBF2 /* VehicleStored.swift */; };
		A4E70BB327F07AF30097CBF2 /* VehicleStored.swift in Sources */ = {isa = PBXBuildFile; fileRef = A4E70BB127F07AF30097CBF2 /* VehicleStored.swift */; };
		A4F3728C27FC555900458EBE /* DragBar.swift in Sources */ = {isa = PBXBuildFile; fileRef = A4F3728B27FC555900458EBE /* DragBar.swift */; };
		A4F3728D27FC555900458EBE /* DragBar.swift in Sources */ = {isa = PBXBuildFile; fileRef = A4F3728B27FC555900458EBE /* DragBar.swift */; };
		A4F3728F27FECA9B00458EBE /* Launch Screen.storyboard in Resources */ = {isa = PBXBuildFile; fileRef = A4F3728E27FECA9B00458EBE /* Launch Screen.storyboard */; };
/* End PBXBuildFile section */

/* Begin PBXContainerItemProxy section */
		5BC0EA202948E3BC00E07674 /* PBXContainerItemProxy */ = {
			isa = PBXContainerItemProxy;
			containerPortal = A444763A27D12DB500B25303 /* Project object */;
			proxyType = 1;
			remoteGlobalIDString = A444764527D12DB600B25303;
			remoteInfo = "Gas4Oil (iOS)";
		};
/* End PBXContainerItemProxy section */

/* Begin PBXCopyFilesBuildPhase section */
		A4D40C2627DE98A4003FBE8F /* Embed App Extensions */ = {
			isa = PBXCopyFilesBuildPhase;
			buildActionMask = 2147483647;
			dstPath = "";
			dstSubfolderSpec = 13;
			files = (
			);
			name = "Embed App Extensions";
			runOnlyForDeploymentPostprocessing = 0;
		};
/* End PBXCopyFilesBuildPhase section */

/* Begin PBXFileReference section */
		5BC0EA1C2948E3BC00E07674 /* Gas4OilTests.xctest */ = {isa = PBXFileReference; explicitFileType = wrapper.cfbundle; includeInIndex = 0; path = Gas4OilTests.xctest; sourceTree = BUILT_PRODUCTS_DIR; };
		5BC0EA1E2948E3BC00E07674 /* Gas4OilTests.swift */ = {isa = PBXFileReference; lastKnownFileType = sourcecode.swift; path = Gas4OilTests.swift; sourceTree = "<group>"; };
		6E3011958B893B5EE48E4B60 /* Pods_Gas4Oil__macOS_.framework */ = {isa = PBXFileReference; explicitFileType = wrapper.framework; includeInIndex = 0; path = Pods_Gas4Oil__macOS_.framework; sourceTree = BUILT_PRODUCTS_DIR; };
		A406706227D8BE5E00193D36 /* FavoriteStations.swift */ = {isa = PBXFileReference; lastKnownFileType = sourcecode.swift; path = FavoriteStations.swift; sourceTree = "<group>"; };
		A4C1B0012D9B000100000001 /* ThemePreference.swift */ = {isa = PBXFileReference; lastKnownFileType = sourcecode.swift; path = ThemePreference.swift; sourceTree = "<group>"; };
		A406706C27D90F8D00193D36 /* MainTabView.swift */ = {isa = PBXFileReference; lastKnownFileType = sourcecode.swift; path = MainTabView.swift; sourceTree = "<group>"; };
		A41249EF27FC24A50018BDB4 /* AdView.swift */ = {isa = PBXFileReference; lastKnownFileType = sourcecode.swift; path = AdView.swift; sourceTree = "<group>"; };
		A416FCA327E663C200FCC16A /* LottieView.swift */ = {isa = PBXFileReference; lastKnownFileType = sourcecode.swift; path = LottieView.swift; sourceTree = "<group>"; };
		A416FCA927E6977700FCC16A /* location.json */ = {isa = PBXFileReference; fileEncoding = 4; lastKnownFileType = text.json; path = location.json; sourceTree = "<group>"; };
		A444763F27D12DB500B25303 /* Gas4OilApp.swift */ = {isa = PBXFileReference; lastKnownFileType = sourcecode.swift; path = Gas4OilApp.swift; sourceTree = "<group>"; };
		A444764127D12DB600B25303 /* Assets.xcassets */ = {isa = PBXFileReference; lastKnownFileType = folder.assetcatalog; path = Assets.xcassets; sourceTree = "<group>"; };
		A444764627D12DB600B25303 /* Gas4Oil.app */ = {isa = PBXFileReference; explicitFileType = wrapper.application; includeInIndex = 0; path = Gas4Oil.app; sourceTree = BUILT_PRODUCTS_DIR; };
		A444764C27D12DB600B25303 /* Gas4Oil.app */ = {isa = PBXFileReference; explicitFileType = wrapper.application; includeInIndex = 0; path = Gas4Oil.app; sourceTree = BUILT_PRODUCTS_DIR; };
		A444764E27D12DB600B25303 /* macOS.entitlements */ = {isa = PBXFileReference; lastKnownFileType = text.plist.entitlements; path = macOS.entitlements; sourceTree = "<group>"; };
		A444766827D1380F00B25303 /* LocationManager.swift */ = {isa = PBXFileReference; lastKnownFileType = sourcecode.swift; path = LocationManager.swift; sourceTree = "<group>"; };
		A444766B27D13A3100B25303 /* Font.swift */ = {isa = PBXFileReference; lastKnownFileType = sourcecode.swift; path = Font.swift; sourceTree = "<group>"; };
		A444766D27D13A4F00B25303 /* Network.swift */ = {isa = PBXFileReference; lastKnownFileType = sourcecode.swift; path = Network.swift; sourceTree = "<group>"; };
		A444767827D143C500B25303 /* gas_station.json */ = {isa = PBXFileReference; fileEncoding = 4; lastKnownFileType = text.json; path = gas_station.json; sourceTree = "<group>"; };
		A444767D27D17A5D00B25303 /* ProgressView.swift */ = {isa = PBXFileReference; lastKnownFileType = sourcecode.swift; path = ProgressView.swift; sourceTree = "<group>"; };
		A444768327D1887A00B25303 /* StationsEngine.swift */ = {isa = PBXFileReference; lastKnownFileType = sourcecode.swift; path = StationsEngine.swift; sourceTree = "<group>"; };
		A44AF40627DA014B008213B7 /* Gas4Oil--iOS--Info.plist */ = {isa = PBXFileReference; lastKnownFileType = text.plist; path = "Gas4Oil--iOS--Info.plist"; sourceTree = "<group>"; };
		A44F419C28113C6F00CE8C81 /* FakeView.swift */ = {isa = PBXFileReference; lastKnownFileType = sourcecode.swift; path = FakeView.swift; sourceTree = "<group>"; };
		A46E057E27FB5D9300697A57 /* AppDelegate.swift */ = {isa = PBXFileReference; lastKnownFileType = sourcecode.swift; path = AppDelegate.swift; sourceTree = "<group>"; };
		A46E058027FB69C400697A57 /* BackgroundTaskManager.swift */ = {isa = PBXFileReference; lastKnownFileType = sourcecode.swift; path = BackgroundTaskManager.swift; sourceTree = "<group>"; };
		A4727BF427D519740005736F /* Gas4OilButton.swift */ = {isa = PBXFileReference; lastKnownFileType = sourcecode.swift; path = Gas4OilButton.swift; sourceTree = "<group>"; };
		A4727BF727D528AF0005736F /* Sequence.swift */ = {isa = PBXFileReference; lastKnownFileType = sourcecode.swift; path = Sequence.swift; sourceTree = "<group>"; };
		A4727BFB27D57D4B0005736F /* MapView.swift */ = {isa = PBXFileReference; lastKnownFileType = sourcecode.swift; path = MapView.swift; sourceTree = "<group>"; };
		21BA535103D8CD1A540C72E6 /* StationDetailView.swift */ = {isa = PBXFileReference; lastKnownFileType = sourcecode.swift; path = "StationDetailView.swift"; sourceTree = "<group>"; };
		A4727BFE27D57D5F0005736F /* MapViewViewModel.swift */ = {isa = PBXFileReference; lastKnownFileType = sourcecode.swift; path = MapViewViewModel.swift; sourceTree = "<group>"; };
		A4727C0227D600BE0005736F /* MapPin.swift */ = {isa = PBXFileReference; lastKnownFileType = sourcecode.swift; path = MapPin.swift; sourceTree = "<group>"; };
		A478913C27D9217D001CA76E /* en */ = {isa = PBXFileReference; lastKnownFileType = text.plist.strings; name = en; path = en.lproj/Localizable.strings; sourceTree = "<group>"; };
		A478913E27D92180001CA76E /* es */ = {isa = PBXFileReference; lastKnownFileType = text.plist.strings; name = es; path = es.lproj/Localizable.strings; sourceTree = "<group>"; };
		870D9D14F901DCB420818B01 /* eu */ = {isa = PBXFileReference; lastKnownFileType = text.plist.strings; name = eu; path = eu.lproj/Localizable.strings; sourceTree = "<group>"; };
		5C03993C7ECA9A00C68E61FA /* gl */ = {isa = PBXFileReference; lastKnownFileType = text.plist.strings; name = gl; path = gl.lproj/Localizable.strings; sourceTree = "<group>"; };
		864A9B1A278F6288DC8A6523 /* ca */ = {isa = PBXFileReference; lastKnownFileType = text.plist.strings; name = ca; path = ca.lproj/Localizable.strings; sourceTree = "<group>"; };
		A478913F27D922F4001CA76E /* String.swift */ = {isa = PBXFileReference; lastKnownFileType = sourcecode.swift; path = String.swift; sourceTree = "<group>"; };
		A47A84AC27F5AB2700AF2892 /* VehicleModelEntity.swift */ = {isa = PBXFileReference; lastKnownFileType = sourcecode.swift; path = VehicleModelEntity.swift; sourceTree = "<group>"; };
		A48581C527DAC54100864885 /* FavoriteListView.swift */ = {isa = PBXFileReference; lastKnownFileType = sourcecode.swift; path = FavoriteListView.swift; sourceTree = "<group>"; };
		A48581C827DB3E6000864885 /* MainTabViewViewModel.swift */ = {isa = PBXFileReference; lastKnownFileType = sourcecode.swift; path = MainTabViewViewModel.swift; sourceTree = "<group>"; };
		A48581CB27DB3FE700864885 /* FavoriteListViewViewModel.swift */ = {isa = PBXFileReference; lastKnownFileType = sourcecode.swift; path = FavoriteListViewViewModel.swift; sourceTree = "<group>"; };
		A487AB8027E8A4780085385E /* Gas4Oil--macOS--Info.plist */ = {isa = PBXFileReference; lastKnownFileType = text.plist; path = "Gas4Oil--macOS--Info.plist"; sourceTree = "<group>"; };
		A487AB8227E8A6250085385E /* VehicleView.swift */ = {isa = PBXFileReference; lastKnownFileType = sourcecode.swift; path = VehicleView.swift; sourceTree = "<group>"; };
		A487AB8527E8B2FF0085385E /* VehicleViewViewModel.swift */ = {isa = PBXFileReference; lastKnownFileType = sourcecode.swift; path = VehicleViewViewModel.swift; sourceTree = "<group>"; };
		A487AB8827E8B8530085385E /* VehicleDataStored.swift */ = {isa = PBXFileReference; lastKnownFileType = sourcecode.swift; path = VehicleDataStored.swift; sourceTree = "<group>"; };
		A489DF3927F844D10020D769 /* loading.json */ = {isa = PBXFileReference; fileEncoding = 4; lastKnownFileType = text.json; path = loading.json; sourceTree = "<group>"; };
		A48F4AA527D2133F0024473D /* StationsModels.swift */ = {isa = PBXFileReference; lastKnownFileType = sourcecode.swift; path = StationsModels.swift; sourceTree = "<group>"; };
		A48F4AA827D218E80024473D /* DomainConvertible.swift */ = {isa = PBXFileReference; lastKnownFileType = sourcecode.swift; path = DomainConvertible.swift; sourceTree = "<group>"; };
		A48F4AAB27D219270024473D /* Stations.swift */ = {isa = PBXFileReference; lastKnownFileType = sourcecode.swift; path = Stations.swift; sourceTree = "<group>"; };
		A48F4AAE27D4B18D0024473D /* StationsListView.swift */ = {isa = PBXFileReference; lastKnownFileType = sourcecode.swift; path = StationsListView.swift; sourceTree = "<group>"; };
		A48F4AB127D4B1CF0024473D /* StationsListViewViewModel.swift */ = {isa = PBXFileReference; lastKnownFileType = sourcecode.swift; path = StationsListViewViewModel.swift; sourceTree = "<group>"; };
		A48F4AB427D4B4B60024473D /* Managers.swift */ = {isa = PBXFileReference; lastKnownFileType = sourcecode.swift; path = Managers.swift; sourceTree = "<group>"; };
		A48F4AB727D4B7E90024473D /* Device.swift */ = {isa = PBXFileReference; lastKnownFileType = sourcecode.swift; path = Device.swift; sourceTree = "<group>"; };
		A48F4ABB27D4DEA10024473D /* StationView.swift */ = {isa = PBXFileReference; lastKnownFileType = sourcecode.swift; path = StationView.swift; sourceTree = "<group>"; };
		A497C4F727D74C85009E1CC6 /* Double.swift */ = {isa = PBXFileReference; lastKnownFileType = sourcecode.swift; path = Double.swift; sourceTree = "<group>"; };
		A4A2F8F027F0692000AC92E8 /* View.swift */ = {isa = PBXFileReference; lastKnownFileType = sourcecode.swift; path = View.swift; sourceTree = "<group>"; };
		A4A2F8F327F06F8500AC92E8 /* VehicleEngine.swift */ = {isa = PBXFileReference; lastKnownFileType = sourcecode.swift; path = VehicleEngine.swift; sourceTree = "<group>"; };
		A4A2F8F627F073DA00AC92E8 /* VehicleModels.swift */ = {isa = PBXFileReference; lastKnownFileType = sourcecode.swift; path = VehicleModels.swift; sourceTree = "<group>"; };
		A4A2F8F927F0755F00AC92E8 /* VehicleBrandEntity.swift */ = {isa = PBXFileReference; lastKnownFileType = sourcecode.swift; path = VehicleBrandEntity.swift; sourceTree = "<group>"; };
		A4D40C1627DE98A3003FBE8F /* WidgetKit.framework */ = {isa = PBXFileReference; lastKnownFileType = wrapper.framework; name = WidgetKit.framework; path = System/Library/Frameworks/WidgetKit.framework; sourceTree = SDKROOT; };
		A4D40C1827DE98A3003FBE8F /* SwiftUI.framework */ = {isa = PBXFileReference; lastKnownFileType = wrapper.framework; name = SwiftUI.framework; path = System/Library/Frameworks/SwiftUI.framework; sourceTree = SDKROOT; };
		A4E70BB127F07AF30097CBF2 /* VehicleStored.swift */ = {isa = PBXFileReference; lastKnownFileType = sourcecode.swift; path = VehicleStored.swift; sourceTree = "<group>"; };
		A4F3728B27FC555900458EBE /* DragBar.swift */ = {isa = PBXFileReference; lastKnownFileType = sourcecode.swift; path = DragBar.swift; sourceTree = "<group>"; };
		A4F3728E27FECA9B00458EBE /* Launch Screen.storyboard */ = {isa = PBXFileReference; lastKnownFileType = file.storyboard; path = "Launch Screen.storyboard"; sourceTree = "<group>"; };
		C943B049A046AECA493B95BF /* Pods_Gas4Oil__iOS_.framework */ = {isa = PBXFileReference; explicitFileType = wrapper.framework; includeInIndex = 0; path = Pods_Gas4Oil__iOS_.framework; sourceTree = BUILT_PRODUCTS_DIR; };
/* End PBXFileReference section */

/* Begin PBXFrameworksBuildPhase section */
		5BC0EA192948E3BC00E07674 /* Frameworks */ = {
			isa = PBXFrameworksBuildPhase;
			buildActionMask = 2147483647;
			files = (
			);
			runOnlyForDeploymentPostprocessing = 0;
		};
		A444764327D12DB600B25303 /* Frameworks */ = {
			isa = PBXFrameworksBuildPhase;
			buildActionMask = 2147483647;
			files = (
				A44F419B28102FBF00CE8C81 /* Shimmer in Frameworks */,
				A45D27A427E8E0F800C724D6 /* Lottie in Frameworks */,
				A489DF3E27F997890020D769 /* NotificationBannerSwift in Frameworks */,
			);
			runOnlyForDeploymentPostprocessing = 0;
		};
		A444764927D12DB600B25303 /* Frameworks */ = {
			isa = PBXFrameworksBuildPhase;
			buildActionMask = 2147483647;
			files = (
				5BB74FDC2D7311E6001D92C9 /* Shimmer in Frameworks */,
				A489DF4027F9A2C50020D769 /* Lottie in Frameworks */,
			);
			runOnlyForDeploymentPostprocessing = 0;
		};
/* End PBXFrameworksBuildPhase section */

/* Begin PBXGroup section */
		5BC0EA1D2948E3BC00E07674 /* Gas4OilTests */ = {
			isa = PBXGroup;
			children = (
				5BC0EA1E2948E3BC00E07674 /* Gas4OilTests.swift */,
			);
			path = Gas4OilTests;
			sourceTree = "<group>";
		};
		A444763927D12DB500B25303 = {
			isa = PBXGroup;
			children = (
				A487AB8027E8A4780085385E /* Gas4Oil--macOS--Info.plist */,
				A44AF40627DA014B008213B7 /* Gas4Oil--iOS--Info.plist */,
				A444767627D143B300B25303 /* Resources */,
				A444766A27D13A1C00B25303 /* Extensions */,
				A444765E27D130EC00B25303 /* Helpers */,
				A444765D27D130E700B25303 /* Managers */,
				A444763E27D12DB500B25303 /* Shared */,
				A444764D27D12DB600B25303 /* macOS */,
				5BC0EA1D2948E3BC00E07674 /* Gas4OilTests */,
				A444764727D12DB600B25303 /* Products */,
				FCF0FE109CA70AABE86AED44 /* Frameworks */,
			);
			sourceTree = "<group>";
		};
		A444763E27D12DB500B25303 /* Shared */ = {
			isa = PBXGroup;
			children = (
				A444767C27D17A4C00B25303 /* Views */,
				A444765F27D130F300B25303 /* Domain Models */,
				A444766027D131F600B25303 /* Scenes */,
				A444763F27D12DB500B25303 /* Gas4OilApp.swift */,
				A46E057E27FB5D9300697A57 /* AppDelegate.swift */,
				A4F3728E27FECA9B00458EBE /* Launch Screen.storyboard */,
			);
			path = Shared;
			sourceTree = "<group>";
		};
		A444764727D12DB600B25303 /* Products */ = {
			isa = PBXGroup;
			children = (
				A444764627D12DB600B25303 /* Gas4Oil.app */,
				A444764C27D12DB600B25303 /* Gas4Oil.app */,
				5BC0EA1C2948E3BC00E07674 /* Gas4OilTests.xctest */,
			);
			name = Products;
			sourceTree = "<group>";
		};
		A444764D27D12DB600B25303 /* macOS */ = {
			isa = PBXGroup;
			children = (
				A444764E27D12DB600B25303 /* macOS.entitlements */,
			);
			path = macOS;
			sourceTree = "<group>";
		};
		A444765D27D130E700B25303 /* Managers */ = {
			isa = PBXGroup;
			children = (
				A444766927D1383B00B25303 /* Network */,
				A444766827D1380F00B25303 /* LocationManager.swift */,
				A48F4AB427D4B4B60024473D /* Managers.swift */,
				A48F4AB727D4B7E90024473D /* Device.swift */,
				A46E058027FB69C400697A57 /* BackgroundTaskManager.swift */,
			);
			path = Managers;
			sourceTree = "<group>";
		};
		A444765E27D130EC00B25303 /* Helpers */ = {
			isa = PBXGroup;
			children = (
				A406706227D8BE5E00193D36 /* FavoriteStations.swift */,
				A4C1B0012D9B000100000001 /* ThemePreference.swift */,
				A487AB8827E8B8530085385E /* VehicleDataStored.swift */,
			);
			path = Helpers;
			sourceTree = "<group>";
		};
		A444765F27D130F300B25303 /* Domain Models */ = {
			isa = PBXGroup;
			children = (
				A48F4AAB27D219270024473D /* Stations.swift */,
				A4A2F8F927F0755F00AC92E8 /* VehicleBrandEntity.swift */,
				A4E70BB127F07AF30097CBF2 /* VehicleStored.swift */,
				A47A84AC27F5AB2700AF2892 /* VehicleModelEntity.swift */,
			);
			path = "Domain Models";
			sourceTree = "<group>";
		};
		A444766027D131F600B25303 /* Scenes */ = {
			isa = PBXGroup;
			children = (
				A48581C827DB3E6000864885 /* MainTabViewViewModel.swift */,
				A406706C27D90F8D00193D36 /* MainTabView.swift */,
				A4727BFA27D57D430005736F /* Map */,
				A48F4ABA27D4BB1E0024473D /* StationsList */,
				A48581CE27DB3FF200864885 /* FavoriteStations */,
				A487AB8127E8A6100085385E /* Vehicle */,
			);
			path = Scenes;
			sourceTree = "<group>";
		};
		A444766927D1383B00B25303 /* Network */ = {
			isa = PBXGroup;
			children = (
				A48F4AA427D213330024473D /* Models */,
				A48F4AA327D2132A0024473D /* API */,
				A444766D27D13A4F00B25303 /* Network.swift */,
				A48F4AA827D218E80024473D /* DomainConvertible.swift */,
			);
			path = Network;
			sourceTree = "<group>";
		};
		A444766A27D13A1C00B25303 /* Extensions */ = {
			isa = PBXGroup;
			children = (
				A444766B27D13A3100B25303 /* Font.swift */,
				A4727BF727D528AF0005736F /* Sequence.swift */,
				A497C4F727D74C85009E1CC6 /* Double.swift */,
				A478913F27D922F4001CA76E /* String.swift */,
				A4A2F8F027F0692000AC92E8 /* View.swift */,
			);
			path = Extensions;
			sourceTree = "<group>";
		};
		A444767627D143B300B25303 /* Resources */ = {
			isa = PBXGroup;
			children = (
				A478913D27D9217D001CA76E /* Localizable.strings */,
				A444764127D12DB600B25303 /* Assets.xcassets */,
				A444767727D143BB00B25303 /* Lottie */,
			);
			path = Resources;
			sourceTree = "<group>";
		};
		A444767727D143BB00B25303 /* Lottie */ = {
			isa = PBXGroup;
			children = (
				A489DF3927F844D10020D769 /* loading.json */,
				A416FCA927E6977700FCC16A /* location.json */,
				A444767827D143C500B25303 /* gas_station.json */,
			);
			path = Lottie;
			sourceTree = "<group>";
		};
		A444767C27D17A4C00B25303 /* Views */ = {
			isa = PBXGroup;
			children = (
				A444767D27D17A5D00B25303 /* ProgressView.swift */,
				A48F4ABB27D4DEA10024473D /* StationView.swift */,
				A4727BF427D519740005736F /* Gas4OilButton.swift */,
				A4727C0227D600BE0005736F /* MapPin.swift */,
				A416FCA327E663C200FCC16A /* LottieView.swift */,
				A41249EF27FC24A50018BDB4 /* AdView.swift */,
				A4F3728B27FC555900458EBE /* DragBar.swift */,
				A44F419C28113C6F00CE8C81 /* FakeView.swift */,
			);
			path = Views;
			sourceTree = "<group>";
		};
		A4727BFA27D57D430005736F /* Map */ = {
			isa = PBXGroup;
			children = (
				A4727BFB27D57D4B0005736F /* MapView.swift */,
				21BA535103D8CD1A540C72E6 /* StationDetailView.swift */,
				A4727BFE27D57D5F0005736F /* MapViewViewModel.swift */,
			);
			path = Map;
			sourceTree = "<group>";
		};
		A48581CE27DB3FF200864885 /* FavoriteStations */ = {
			isa = PBXGroup;
			children = (
				A48581C527DAC54100864885 /* FavoriteListView.swift */,
				A48581CB27DB3FE700864885 /* FavoriteListViewViewModel.swift */,
			);
			path = FavoriteStations;
			sourceTree = "<group>";
		};
		A487AB8127E8A6100085385E /* Vehicle */ = {
			isa = PBXGroup;
			children = (
				A487AB8227E8A6250085385E /* VehicleView.swift */,
				A487AB8527E8B2FF0085385E /* VehicleViewViewModel.swift */,
			);
			path = Vehicle;
			sourceTree = "<group>";
		};
		A48F4AA227D212C90024473D /* Network+Stations */ = {
			isa = PBXGroup;
			children = (
				A444768327D1887A00B25303 /* StationsEngine.swift */,
				A4A2F8F327F06F8500AC92E8 /* VehicleEngine.swift */,
			);
			path = "Network+Stations";
			sourceTree = "<group>";
		};
		A48F4AA327D2132A0024473D /* API */ = {
			isa = PBXGroup;
			children = (
				A48F4AA227D212C90024473D /* Network+Stations */,
			);
			path = API;
			sourceTree = "<group>";
		};
		A48F4AA427D213330024473D /* Models */ = {
			isa = PBXGroup;
			children = (
				A48F4AA527D2133F0024473D /* StationsModels.swift */,
				A4A2F8F627F073DA00AC92E8 /* VehicleModels.swift */,
			);
			path = Models;
			sourceTree = "<group>";
		};
		A48F4ABA27D4BB1E0024473D /* StationsList */ = {
			isa = PBXGroup;
			children = (
				A48F4AAE27D4B18D0024473D /* StationsListView.swift */,
				A48F4AB127D4B1CF0024473D /* StationsListViewViewModel.swift */,
			);
			path = StationsList;
			sourceTree = "<group>";
		};
		FCF0FE109CA70AABE86AED44 /* Frameworks */ = {
			isa = PBXGroup;
			children = (
				C943B049A046AECA493B95BF /* Pods_Gas4Oil__iOS_.framework */,
				6E3011958B893B5EE48E4B60 /* Pods_Gas4Oil__macOS_.framework */,
				A4D40C1627DE98A3003FBE8F /* WidgetKit.framework */,
				A4D40C1827DE98A3003FBE8F /* SwiftUI.framework */,
			);
			name = Frameworks;
			sourceTree = "<group>";
		};
/* End PBXGroup section */

/* Begin PBXNativeTarget section */
		5BC0EA1B2948E3BC00E07674 /* Gas4OilTests */ = {
			isa = PBXNativeTarget;
			buildConfigurationList = 5BC0EA222948E3BC00E07674 /* Build configuration list for PBXNativeTarget "Gas4OilTests" */;
			buildPhases = (
				5BC0EA182948E3BC00E07674 /* Sources */,
				5BC0EA192948E3BC00E07674 /* Frameworks */,
				5BC0EA1A2948E3BC00E07674 /* Resources */,
			);
			buildRules = (
			);
			dependencies = (
				5BC0EA212948E3BC00E07674 /* PBXTargetDependency */,
			);
			name = Gas4OilTests;
			productName = Gas4OilTests;
			productReference = 5BC0EA1C2948E3BC00E07674 /* Gas4OilTests.xctest */;
			productType = "com.apple.product-type.bundle.unit-test";
		};
		A444764527D12DB600B25303 /* Gas4Oil (iOS) */ = {
			isa = PBXNativeTarget;
			buildConfigurationList = A444765727D12DB600B25303 /* Build configuration list for PBXNativeTarget "Gas4Oil (iOS)" */;
			buildPhases = (
				A444764227D12DB600B25303 /* Sources */,
				A444764327D12DB600B25303 /* Frameworks */,
				A444764427D12DB600B25303 /* Resources */,
				A4D40C2627DE98A4003FBE8F /* Embed App Extensions */,
			);
			buildRules = (
			);
			dependencies = (
			);
			name = "Gas4Oil (iOS)";
			packageProductDependencies = (
				A45D27A327E8E0F800C724D6 /* Lottie */,
				A489DF3D27F997890020D769 /* NotificationBannerSwift */,
				A44F419A28102FBF00CE8C81 /* Shimmer */,
			);
			productName = "Gas4Oil (iOS)";
			productReference = A444764627D12DB600B25303 /* Gas4Oil.app */;
			productType = "com.apple.product-type.application";
		};
		A444764B27D12DB600B25303 /* Gas4Oil (macOS) */ = {
			isa = PBXNativeTarget;
			buildConfigurationList = A444765A27D12DB600B25303 /* Build configuration list for PBXNativeTarget "Gas4Oil (macOS)" */;
			buildPhases = (
				A444764827D12DB600B25303 /* Sources */,
				A444764927D12DB600B25303 /* Frameworks */,
				A444764A27D12DB600B25303 /* Resources */,
			);
			buildRules = (
			);
			dependencies = (
			);
			name = "Gas4Oil (macOS)";
			packageProductDependencies = (
				A489DF3F27F9A2C50020D769 /* Lottie */,
				5BB74FDB2D7311E6001D92C9 /* Shimmer */,
			);
			productName = "Gas4Oil (macOS)";
			productReference = A444764C27D12DB600B25303 /* Gas4Oil.app */;
			productType = "com.apple.product-type.application";
		};
/* End PBXNativeTarget section */

/* Begin PBXProject section */
		A444763A27D12DB500B25303 /* Project object */ = {
			isa = PBXProject;
			attributes = {
				BuildIndependentTargetsInParallel = 1;
				LastSwiftUpdateCheck = 1410;
				LastUpgradeCheck = 1330;
				TargetAttributes = {
					5BC0EA1B2948E3BC00E07674 = {
						CreatedOnToolsVersion = 14.1;
						TestTargetID = A444764527D12DB600B25303;
					};
					A444764527D12DB600B25303 = {
						CreatedOnToolsVersion = 13.2.1;
					};
					A444764B27D12DB600B25303 = {
						CreatedOnToolsVersion = 13.2.1;
					};
				};
			};
			buildConfigurationList = A444763D27D12DB500B25303 /* Build configuration list for PBXProject "Gas4Oil" */;
			compatibilityVersion = "Xcode 13.0";
			developmentRegion = en;
			hasScannedForEncodings = 0;
			knownRegions = (
				en,
				es,
				ca,
				gl,
				eu,
			);
			mainGroup = A444763927D12DB500B25303;
			packageReferences = (
				A45D27A227E8E0F800C724D6 /* XCRemoteSwiftPackageReference "lottie-ios" */,
				A489DF3C27F997890020D769 /* XCRemoteSwiftPackageReference "NotificationBanner" */,
				A44F419928102FBF00CE8C81 /* XCRemoteSwiftPackageReference "SwiftUI-Shimmer" */,
			);
			productRefGroup = A444764727D12DB600B25303 /* Products */;
			projectDirPath = "";
			projectRoot = "";
			targets = (
				A444764527D12DB600B25303 /* Gas4Oil (iOS) */,
				A444764B27D12DB600B25303 /* Gas4Oil (macOS) */,
				5BC0EA1B2948E3BC00E07674 /* Gas4OilTests */,
			);
		};
/* End PBXProject section */

/* Begin PBXResourcesBuildPhase section */
		5BC0EA1A2948E3BC00E07674 /* Resources */ = {
			isa = PBXResourcesBuildPhase;
			buildActionMask = 2147483647;
			files = (
			);
			runOnlyForDeploymentPostprocessing = 0;
		};
		A444764427D12DB600B25303 /* Resources */ = {
			isa = PBXResourcesBuildPhase;
			buildActionMask = 2147483647;
			files = (
				A4F3728F27FECA9B00458EBE /* Launch Screen.storyboard in Resources */,
				A444767927D143C500B25303 /* gas_station.json in Resources */,
				A416FCAA27E6977700FCC16A /* location.json in Resources */,
				A478913A27D9217D001CA76E /* Localizable.strings in Resources */,
				A444765327D12DB600B25303 /* Assets.xcassets in Resources */,
				A489DF3A27F844D10020D769 /* loading.json in Resources */,
			);
			runOnlyForDeploymentPostprocessing = 0;
		};
		A444764A27D12DB600B25303 /* Resources */ = {
			isa = PBXResourcesBuildPhase;
			buildActionMask = 2147483647;
			files = (
				A444767A27D143C500B25303 /* gas_station.json in Resources */,
				A416FCAB27E6977700FCC16A /* location.json in Resources */,
				A478913B27D9217D001CA76E /* Localizable.strings in Resources */,
				A444765427D12DB600B25303 /* Assets.xcassets in Resources */,
				A489DF3B27F844D10020D769 /* loading.json in Resources */,
			);
			runOnlyForDeploymentPostprocessing = 0;
		};
/* End PBXResourcesBuildPhase section */

/* Begin PBXSourcesBuildPhase section */
		5BC0EA182948E3BC00E07674 /* Sources */ = {
			isa = PBXSourcesBuildPhase;
			buildActionMask = 2147483647;
			files = (
				5BC0EA1F2948E3BC00E07674 /* Gas4OilTests.swift in Sources */,
			);
			runOnlyForDeploymentPostprocessing = 0;
		};
		A444764227D12DB600B25303 /* Sources */ = {
			isa = PBXSourcesBuildPhase;
			buildActionMask = 2147483647;
			files = (
				A487AB8327E8A6250085385E /* VehicleView.swift in Sources */,
				A444766E27D13A8300B25303 /* Font.swift in Sources */,
				A46E057F27FB5D9300697A57 /* AppDelegate.swift in Sources */,
				A48F4AAF27D4B18D0024473D /* StationsListView.swift in Sources */,
				A4E70BB227F07AF30097CBF2 /* VehicleStored.swift in Sources */,
				A4A2F8F127F0692000AC92E8 /* View.swift in Sources */,
				A444767427D13A8E00B25303 /* Network.swift in Sources */,
				A48581CC27DB3FE700864885 /* FavoriteListViewViewModel.swift in Sources */,
				A48F4AAC27D219270024473D /* Stations.swift in Sources */,
				A487AB8627E8B2FF0085385E /* VehicleViewViewModel.swift in Sources */,
				A46E058127FB69C400697A57 /* BackgroundTaskManager.swift in Sources */,
				A48581C927DB3E6000864885 /* MainTabViewViewModel.swift in Sources */,
				A48F4AB527D4B4B60024473D /* Managers.swift in Sources */,
				A4A2F8F427F06F8500AC92E8 /* VehicleEngine.swift in Sources */,
				A4A2F8FA27F0755F00AC92E8 /* VehicleBrandEntity.swift in Sources */,
				A44F419D28113C6F00CE8C81 /* FakeView.swift in Sources */,
				A41249F027FC24A50018BDB4 /* AdView.swift in Sources */,
				A487AB8927E8B8530085385E /* VehicleDataStored.swift in Sources */,
				A444767227D13A8A00B25303 /* LocationManager.swift in Sources */,
				A48F4ABC27D4DEA10024473D /* StationView.swift in Sources */,
				A48F4AB827D4B7E90024473D /* Device.swift in Sources */,
				A4727BFF27D57D5F0005736F /* MapViewViewModel.swift in Sources */,
				A416FCA427E663C200FCC16A /* LottieView.swift in Sources */,
				A4A2F8F727F073DA00AC92E8 /* VehicleModels.swift in Sources */,
				A497C4F827D74C85009E1CC6 /* Double.swift in Sources */,
				A48581C627DAC54100864885 /* FavoriteListView.swift in Sources */,
				A4F3728C27FC555900458EBE /* DragBar.swift in Sources */,
				A4727BF527D519740005736F /* Gas4OilButton.swift in Sources */,
				A48F4AA927D218E80024473D /* DomainConvertible.swift in Sources */,
				A4727C0327D600BE0005736F /* MapPin.swift in Sources */,
				A478914027D922F4001CA76E /* String.swift in Sources */,
				A444767E27D17A5D00B25303 /* ProgressView.swift in Sources */,
				A48F4AA627D2133F0024473D /* StationsModels.swift in Sources */,
				A444768427D1887A00B25303 /* StationsEngine.swift in Sources */,
				A406706D27D90F8D00193D36 /* MainTabView.swift in Sources */,
				A4727BF827D528AF0005736F /* Sequence.swift in Sources */,
				A4727BFC27D57D4B0005736F /* MapView.swift in Sources */,
				9A6573A5DD72B80BF820A53F /* StationDetailView.swift in Sources */,
				A444764F27D12DB600B25303 /* Gas4OilApp.swift in Sources */,
				A406706327D8BE5F00193D36 /* FavoriteStations.swift in Sources */,
				A4C1B0022D9B000100000002 /* ThemePreference.swift in Sources */,
				A47A84AD27F5AB2700AF2892 /* VehicleModelEntity.swift in Sources */,
				A48F4AB227D4B1CF0024473D /* StationsListViewViewModel.swift in Sources */,
			);
			runOnlyForDeploymentPostprocessing = 0;
		};
		A444764827D12DB600B25303 /* Sources */ = {
			isa = PBXSourcesBuildPhase;
			buildActionMask = 2147483647;
			files = (
				A4A2F8F227F06DA000AC92E8 /* View.swift in Sources */,
				A47A84AE27F5AB2700AF2892 /* VehicleModelEntity.swift in Sources */,
				A487AB8727E8B2FF0085385E /* VehicleViewViewModel.swift in Sources */,
				A444766F27D13A8300B25303 /* Font.swift in Sources */,
				A48F4AB027D4B18D0024473D /* StationsListView.swift in Sources */,
				A4E70BB327F07AF30097CBF2 /* VehicleStored.swift in Sources */,
				A444767527D13A8E00B25303 /* Network.swift in Sources */,
				A48581CD27DB3FE700864885 /* FavoriteListViewViewModel.swift in Sources */,
				A48F4AAD27D219270024473D /* Stations.swift in Sources */,
				A48581CA27DB3E6000864885 /* MainTabViewViewModel.swift in Sources */,
				A48F4AB627D4B4B60024473D /* Managers.swift in Sources */,
				A444767327D13A8B00B25303 /* LocationManager.swift in Sources */,
				A48F4ABD27D4DEA10024473D /* StationView.swift in Sources */,
				A48F4AB927D4B7E90024473D /* Device.swift in Sources */,
				A4727C0027D57D5F0005736F /* MapViewViewModel.swift in Sources */,
				A46E057D27FB5D7100697A57 /* Gas4OilApp.swift in Sources */,
				A497C4F927D74C85009E1CC6 /* Double.swift in Sources */,
				A48581C727DAC54100864885 /* FavoriteListView.swift in Sources */,
				A487AB8A27E8B8530085385E /* VehicleDataStored.swift in Sources */,
				A4A2F8FB27F0755F00AC92E8 /* VehicleBrandEntity.swift in Sources */,
				A4727BF627D519740005736F /* Gas4OilButton.swift in Sources */,
				A4F3728D27FC555900458EBE /* DragBar.swift in Sources */,
				A48F4AAA27D218E80024473D /* DomainConvertible.swift in Sources */,
				A487AB8427E8A6250085385E /* VehicleView.swift in Sources */,
				A4727C0427D600BE0005736F /* MapPin.swift in Sources */,
				A478914127D922F4001CA76E /* String.swift in Sources */,
				A41249F127FC24A50018BDB4 /* AdView.swift in Sources */,
				A444767F27D17A5D00B25303 /* ProgressView.swift in Sources */,
				A4A2F8F827F073DA00AC92E8 /* VehicleModels.swift in Sources */,
				A44F419E28113C6F00CE8C81 /* FakeView.swift in Sources */,
				A48F4AA727D2133F0024473D /* StationsModels.swift in Sources */,
				A4A2F8F527F06F8500AC92E8 /* VehicleEngine.swift in Sources */,
				A444768527D1887A00B25303 /* StationsEngine.swift in Sources */,
				A406706E27D90F8D00193D36 /* MainTabView.swift in Sources */,
				A4727BF927D528AF0005736F /* Sequence.swift in Sources */,
				A4727BFD27D57D4B0005736F /* MapView.swift in Sources */,
				351417841EEE1FE43A1366B4 /* StationDetailView.swift in Sources */,
				A406706427D8BE5F00193D36 /* FavoriteStations.swift in Sources */,
				A4C1B0032D9B000100000003 /* ThemePreference.swift in Sources */,
				A48F4AB327D4B1CF0024473D /* StationsListViewViewModel.swift in Sources */,
			);
			runOnlyForDeploymentPostprocessing = 0;
		};
/* End PBXSourcesBuildPhase section */

/* Begin PBXTargetDependency section */
		5BC0EA212948E3BC00E07674 /* PBXTargetDependency */ = {
			isa = PBXTargetDependency;
			target = A444764527D12DB600B25303 /* Gas4Oil (iOS) */;
			targetProxy = 5BC0EA202948E3BC00E07674 /* PBXContainerItemProxy */;
		};
/* End PBXTargetDependency section */

/* Begin PBXVariantGroup section */
		A478913D27D9217D001CA76E /* Localizable.strings */ = {
			isa = PBXVariantGroup;
			children = (
				A478913C27D9217D001CA76E /* en */,
				A478913E27D92180001CA76E /* es */,
				870D9D14F901DCB420818B01 /* eu */,
				5C03993C7ECA9A00C68E61FA /* gl */,
				864A9B1A278F6288DC8A6523 /* ca */,
			);
			name = Localizable.strings;
			sourceTree = "<group>";
		};
/* End PBXVariantGroup section */

/* Begin XCBuildConfiguration section */
		5BC0EA232948E3BC00E07674 /* Debug */ = {
			isa = XCBuildConfiguration;
			buildSettings = {
				BUNDLE_LOADER = "$(TEST_HOST)";
				CLANG_CXX_LANGUAGE_STANDARD = "gnu++20";
				CODE_SIGN_STYLE = Automatic;
				CURRENT_PROJECT_VERSION = 1;
				DEVELOPMENT_TEAM = SK4CMEFH7T;
				GENERATE_INFOPLIST_FILE = YES;
				IPHONEOS_DEPLOYMENT_TARGET = 18.0;
				MARKETING_VERSION = 1.0;
				PRODUCT_BUNDLE_IDENTIFIER = com.Aitor.Gas4OilTests;
				PRODUCT_NAME = "$(TARGET_NAME)";
				SDKROOT = iphoneos;
				SWIFT_EMIT_LOC_STRINGS = NO;
				SWIFT_VERSION = 5.0;
				TARGETED_DEVICE_FAMILY = "1,2";
				TEST_HOST = "$(BUILT_PRODUCTS_DIR)/Gas4Oil.app/$(BUNDLE_EXECUTABLE_FOLDER_PATH)/Gas4Oil";
			};
			name = Debug;
		};
		5BC0EA242948E3BC00E07674 /* Release */ = {
			isa = XCBuildConfiguration;
			buildSettings = {
				BUNDLE_LOADER = "$(TEST_HOST)";
				CLANG_CXX_LANGUAGE_STANDARD = "gnu++20";
				CODE_SIGN_STYLE = Automatic;
				CURRENT_PROJECT_VERSION = 1;
				DEVELOPMENT_TEAM = SK4CMEFH7T;
				GENERATE_INFOPLIST_FILE = YES;
				IPHONEOS_DEPLOYMENT_TARGET = 18.0;
				MARKETING_VERSION = 1.0;
				PRODUCT_BUNDLE_IDENTIFIER = com.Aitor.Gas4OilTests;
				PRODUCT_NAME = "$(TARGET_NAME)";
				SDKROOT = iphoneos;
				SWIFT_EMIT_LOC_STRINGS = NO;
				SWIFT_VERSION = 5.0;
				TARGETED_DEVICE_FAMILY = "1,2";
				TEST_HOST = "$(BUILT_PRODUCTS_DIR)/Gas4Oil.app/$(BUNDLE_EXECUTABLE_FOLDER_PATH)/Gas4Oil";
				VALIDATE_PRODUCT = YES;
			};
			name = Release;
		};
		A444765527D12DB600B25303 /* Debug */ = {
			isa = XCBuildConfiguration;
			buildSettings = {
				ALWAYS_SEARCH_USER_PATHS = NO;
				CLANG_ANALYZER_LOCALIZABILITY_NONLOCALIZED = YES;
				CLANG_ANALYZER_NONNULL = YES;
				CLANG_ANALYZER_NUMBER_OBJECT_CONVERSION = YES_AGGRESSIVE;
				CLANG_CXX_LANGUAGE_STANDARD = "gnu++17";
				CLANG_CXX_LIBRARY = "libc++";
				CLANG_ENABLE_MODULES = YES;
				CLANG_ENABLE_OBJC_ARC = YES;
				CLANG_ENABLE_OBJC_WEAK = YES;
				CLANG_WARN_BLOCK_CAPTURE_AUTORELEASING = YES;
				CLANG_WARN_BOOL_CONVERSION = YES;
				CLANG_WARN_COMMA = YES;
				CLANG_WARN_CONSTANT_CONVERSION = YES;
				CLANG_WARN_DEPRECATED_OBJC_IMPLEMENTATIONS = YES;
				CLANG_WARN_DIRECT_OBJC_ISA_USAGE = YES_ERROR;
				CLANG_WARN_DOCUMENTATION_COMMENTS = YES;
				CLANG_WARN_EMPTY_BODY = YES;
				CLANG_WARN_ENUM_CONVERSION = YES;
				CLANG_WARN_INFINITE_RECURSION = YES;
				CLANG_WARN_INT_CONVERSION = YES;
				CLANG_WARN_NON_LITERAL_NULL_CONVERSION = YES;
				CLANG_WARN_OBJC_IMPLICIT_RETAIN_SELF = YES;
				CLANG_WARN_OBJC_LITERAL_CONVERSION = YES;
				CLANG_WARN_OBJC_ROOT_CLASS = YES_ERROR;
				CLANG_WARN_QUOTED_INCLUDE_IN_FRAMEWORK_HEADER = YES;
				CLANG_WARN_RANGE_LOOP_ANALYSIS = YES;
				CLANG_WARN_STRICT_PROTOTYPES = YES;
				CLANG_WARN_SUSPICIOUS_MOVE = YES;
				CLANG_WARN_UNGUARDED_AVAILABILITY = YES_AGGRESSIVE;
				CLANG_WARN_UNREACHABLE_CODE = YES;
				CLANG_WARN__DUPLICATE_METHOD_MATCH = YES;
				COPY_PHASE_STRIP = NO;
				DEBUG_INFORMATION_FORMAT = dwarf;
				ENABLE_STRICT_OBJC_MSGSEND = YES;
				ENABLE_TESTABILITY = YES;
				GCC_C_LANGUAGE_STANDARD = gnu11;
				GCC_DYNAMIC_NO_PIC = NO;
				GCC_NO_COMMON_BLOCKS = YES;
				GCC_OPTIMIZATION_LEVEL = 0;
				GCC_PREPROCESSOR_DEFINITIONS = (
					"DEBUG=1",
					"$(inherited)",
				);
				GCC_WARN_64_TO_32_BIT_CONVERSION = YES;
				GCC_WARN_ABOUT_RETURN_TYPE = YES_ERROR;
				GCC_WARN_UNDECLARED_SELECTOR = YES;
				GCC_WARN_UNINITIALIZED_AUTOS = YES_AGGRESSIVE;
				GCC_WARN_UNUSED_FUNCTION = YES;
				GCC_WARN_UNUSED_VARIABLE = YES;
				MTL_ENABLE_DEBUG_INFO = INCLUDE_SOURCE;
				MTL_FAST_MATH = YES;
				ONLY_ACTIVE_ARCH = YES;
				SWIFT_ACTIVE_COMPILATION_CONDITIONS = DEBUG;
				SWIFT_OPTIMIZATION_LEVEL = "-Onone";
			};
			name = Debug;
		};
		A444765627D12DB600B25303 /* Release */ = {
			isa = XCBuildConfiguration;
			buildSettings = {
				ALWAYS_SEARCH_USER_PATHS = NO;
				CLANG_ANALYZER_LOCALIZABILITY_NONLOCALIZED = YES;
				CLANG_ANALYZER_NONNULL = YES;
				CLANG_ANALYZER_NUMBER_OBJECT_CONVERSION = YES_AGGRESSIVE;
				CLANG_CXX_LANGUAGE_STANDARD = "gnu++17";
				CLANG_CXX_LIBRARY = "libc++";
				CLANG_ENABLE_MODULES = YES;
				CLANG_ENABLE_OBJC_ARC = YES;
				CLANG_ENABLE_OBJC_WEAK = YES;
				CLANG_WARN_BLOCK_CAPTURE_AUTORELEASING = YES;
				CLANG_WARN_BOOL_CONVERSION = YES;
				CLANG_WARN_COMMA = YES;
				CLANG_WARN_CONSTANT_CONVERSION = YES;
				CLANG_WARN_DEPRECATED_OBJC_IMPLEMENTATIONS = YES;
				CLANG_WARN_DIRECT_OBJC_ISA_USAGE = YES_ERROR;
				CLANG_WARN_DOCUMENTATION_COMMENTS = YES;
				CLANG_WARN_EMPTY_BODY = YES;
				CLANG_WARN_ENUM_CONVERSION = YES;
				CLANG_WARN_INFINITE_RECURSION = YES;
				CLANG_WARN_INT_CONVERSION = YES;
				CLANG_WARN_NON_LITERAL_NULL_CONVERSION = YES;
				CLANG_WARN_OBJC_IMPLICIT_RETAIN_SELF = YES;
				CLANG_WARN_OBJC_LITERAL_CONVERSION = YES;
				CLANG_WARN_OBJC_ROOT_CLASS = YES_ERROR;
				CLANG_WARN_QUOTED_INCLUDE_IN_FRAMEWORK_HEADER = YES;
				CLANG_WARN_RANGE_LOOP_ANALYSIS = YES;
				CLANG_WARN_STRICT_PROTOTYPES = YES;
				CLANG_WARN_SUSPICIOUS_MOVE = YES;
				CLANG_WARN_UNGUARDED_AVAILABILITY = YES_AGGRESSIVE;
				CLANG_WARN_UNREACHABLE_CODE = YES;
				CLANG_WARN__DUPLICATE_METHOD_MATCH = YES;
				COPY_PHASE_STRIP = NO;
				DEBUG_INFORMATION_FORMAT = "dwarf-with-dsym";
				ENABLE_NS_ASSERTIONS = NO;
				ENABLE_STRICT_OBJC_MSGSEND = YES;
				GCC_C_LANGUAGE_STANDARD = gnu11;
				GCC_NO_COMMON_BLOCKS = YES;
				GCC_WARN_64_TO_32_BIT_CONVERSION = YES;
				GCC_WARN_ABOUT_RETURN_TYPE = YES_ERROR;
				GCC_WARN_UNDECLARED_SELECTOR = YES;
				GCC_WARN_UNINITIALIZED_AUTOS = YES_AGGRESSIVE;
				GCC_WARN_UNUSED_FUNCTION = YES;
				GCC_WARN_UNUSED_VARIABLE = YES;
				MTL_ENABLE_DEBUG_INFO = NO;
				MTL_FAST_MATH = YES;
				SWIFT_COMPILATION_MODE = wholemodule;
				SWIFT_OPTIMIZATION_LEVEL = "-O";
			};
			name = Release;
		};
		A444765827D12DB600B25303 /* Debug */ = {
			isa = XCBuildConfiguration;
			buildSettings = {
				ALWAYS_EMBED_SWIFT_STANDARD_LIBRARIES = YES;
				ASSETCATALOG_COMPILER_APPICON_NAME = AppIcon;
				ASSETCATALOG_COMPILER_GLOBAL_ACCENT_COLOR_NAME = AccentColor;
				CODE_SIGN_STYLE = Automatic;
				CURRENT_PROJECT_VERSION = 1;
				DEVELOPMENT_TEAM = SK4CMEFH7T;
				ENABLE_PREVIEWS = YES;
				GENERATE_INFOPLIST_FILE = YES;
				INFOPLIST_FILE = "Gas4Oil--iOS--Info.plist";
				INFOPLIST_KEY_NSLocationWhenInUseUsageDescription = "We need to know where you are in order to get nearest fuel stations";
				INFOPLIST_KEY_UIApplicationSupportsIndirectInputEvents = YES;
				INFOPLIST_KEY_UILaunchScreen_Generation = YES;
				INFOPLIST_KEY_UILaunchStoryboardName = "Launch Screen";
				INFOPLIST_KEY_UISupportedInterfaceOrientations_iPad = "UIInterfaceOrientationPortrait UIInterfaceOrientationPortraitUpsideDown UIInterfaceOrientationLandscapeLeft UIInterfaceOrientationLandscapeRight";
				INFOPLIST_KEY_UISupportedInterfaceOrientations_iPhone = "UIInterfaceOrientationPortrait UIInterfaceOrientationLandscapeLeft UIInterfaceOrientationLandscapeRight";
				IPHONEOS_DEPLOYMENT_TARGET = 18.0;
				LD_RUNPATH_SEARCH_PATHS = (
					"$(inherited)",
					"@executable_path/Frameworks",
				);
				MARKETING_VERSION = 1.2.0;
				PRODUCT_BUNDLE_IDENTIFIER = com.AitorSola.Gas4Oil;
				PRODUCT_NAME = Gas4Oil;
				SDKROOT = iphoneos;
				SWIFT_EMIT_LOC_STRINGS = YES;
				SWIFT_VERSION = 5.0;
				TARGETED_DEVICE_FAMILY = "1,2";
			};
			name = Debug;
		};
		A444765927D12DB600B25303 /* Release */ = {
			isa = XCBuildConfiguration;
			buildSettings = {
				ALWAYS_EMBED_SWIFT_STANDARD_LIBRARIES = YES;
				ASSETCATALOG_COMPILER_APPICON_NAME = AppIcon;
				ASSETCATALOG_COMPILER_GLOBAL_ACCENT_COLOR_NAME = AccentColor;
				CODE_SIGN_STYLE = Automatic;
				CURRENT_PROJECT_VERSION = 1;
				DEVELOPMENT_TEAM = SK4CMEFH7T;
				ENABLE_PREVIEWS = YES;
				GENERATE_INFOPLIST_FILE = YES;
				INFOPLIST_FILE = "Gas4Oil--iOS--Info.plist";
				INFOPLIST_KEY_NSLocationWhenInUseUsageDescription = "We need to know where you are in order to get nearest fuel stations";
				INFOPLIST_KEY_UIApplicationSupportsIndirectInputEvents = YES;
				INFOPLIST_KEY_UILaunchScreen_Generation = YES;
				INFOPLIST_KEY_UILaunchStoryboardName = "Launch Screen";
				INFOPLIST_KEY_UISupportedInterfaceOrientations_iPad = "UIInterfaceOrientationPortrait UIInterfaceOrientationPortraitUpsideDown UIInterfaceOrientationLandscapeLeft UIInterfaceOrientationLandscapeRight";
				INFOPLIST_KEY_UISupportedInterfaceOrientations_iPhone = "UIInterfaceOrientationPortrait UIInterfaceOrientationLandscapeLeft UIInterfaceOrientationLandscapeRight";
				IPHONEOS_DEPLOYMENT_TARGET = 18.0;
				LD_RUNPATH_SEARCH_PATHS = (
					"$(inherited)",
					"@executable_path/Frameworks",
				);
				MARKETING_VERSION = 1.2.0;
				PRODUCT_BUNDLE_IDENTIFIER = com.AitorSola.Gas4Oil;
				PRODUCT_NAME = Gas4Oil;
				SDKROOT = iphoneos;
				SWIFT_EMIT_LOC_STRINGS = YES;
				SWIFT_VERSION = 5.0;
				TARGETED_DEVICE_FAMILY = "1,2";
				VALIDATE_PRODUCT = YES;
			};
			name = Release;
		};
		A444765B27D12DB600B25303 /* Debug */ = {
			isa = XCBuildConfiguration;
			buildSettings = {
				ASSETCATALOG_COMPILER_APPICON_NAME = AppIcon;
				ASSETCATALOG_COMPILER_GLOBAL_ACCENT_COLOR_NAME = AccentColor;
				CODE_SIGN_ENTITLEMENTS = macOS/macOS.entitlements;
				CODE_SIGN_IDENTITY = "Apple Development";
				CODE_SIGN_STYLE = Automatic;
				COMBINE_HIDPI_IMAGES = YES;
				CURRENT_PROJECT_VERSION = 1;
				DEVELOPMENT_ASSET_PATHS = Resources/Assets.xcassets;
				DEVELOPMENT_TEAM = SK4CMEFH7T;
				ENABLE_HARDENED_RUNTIME = YES;
				ENABLE_PREVIEWS = YES;
				GENERATE_INFOPLIST_FILE = YES;
				INFOPLIST_FILE = "Gas4Oil--macOS--Info.plist";
				INFOPLIST_KEY_LSApplicationCategoryType = "public.app-category.utilities";
				INFOPLIST_KEY_NSHumanReadableCopyright = "";
				INFOPLIST_KEY_NSLocationAlwaysAndWhenInUseUsageDescription = "We need to know where you are in order to get nearest fuel stations";
				INFOPLIST_KEY_NSLocationWhenInUseUsageDescription = "We need to know where you are in order to get nearest fuel stations";
				LD_RUNPATH_SEARCH_PATHS = (
					"$(inherited)",
					"@executable_path/../Frameworks",
				);
				MACOSX_DEPLOYMENT_TARGET = 15.0;
				MARKETING_VERSION = 1.0;
				PRODUCT_BUNDLE_IDENTIFIER = com.AitorSola.Gas4Oil;
				PRODUCT_NAME = Gas4Oil;
				SDKROOT = macosx;
				SWIFT_EMIT_LOC_STRINGS = YES;
				SWIFT_VERSION = 5.0;
			};
			name = Debug;
		};
		A444765C27D12DB600B25303 /* Release */ = {
			isa = XCBuildConfiguration;
			buildSettings = {
				ASSETCATALOG_COMPILER_APPICON_NAME = AppIcon;
				ASSETCATALOG_COMPILER_GLOBAL_ACCENT_COLOR_NAME = AccentColor;
				CODE_SIGN_ENTITLEMENTS = macOS/macOS.entitlements;
				CODE_SIGN_IDENTITY = "Apple Development";
				CODE_SIGN_STYLE = Automatic;
				COMBINE_HIDPI_IMAGES = YES;
				CURRENT_PROJECT_VERSION = 1;
				DEVELOPMENT_ASSET_PATHS = Resources/Assets.xcassets;
				DEVELOPMENT_TEAM = SK4CMEFH7T;
				ENABLE_HARDENED_RUNTIME = YES;
				ENABLE_PREVIEWS = YES;
				GENERATE_INFOPLIST_FILE = YES;
				INFOPLIST_FILE = "Gas4Oil--macOS--Info.plist";
				INFOPLIST_KEY_LSApplicationCategoryType = "public.app-category.utilities";
				INFOPLIST_KEY_NSHumanReadableCopyright = "";
				INFOPLIST_KEY_NSLocationAlwaysAndWhenInUseUsageDescription = "We need to know where you are in order to get nearest fuel stations";
				INFOPLIST_KEY_NSLocationWhenInUseUsageDescription = "We need to know where you are in order to get nearest fuel stations";
				LD_RUNPATH_SEARCH_PATHS = (
					"$(inherited)",
					"@executable_path/../Frameworks",
				);
				MACOSX_DEPLOYMENT_TARGET = 15.0;
				MARKETING_VERSION = 1.0;
				PRODUCT_BUNDLE_IDENTIFIER = com.AitorSola.Gas4Oil;
				PRODUCT_NAME = Gas4Oil;
				SDKROOT = macosx;
				SWIFT_EMIT_LOC_STRINGS = YES;
				SWIFT_VERSION = 5.0;
			};
			name = Release;
		};
/* End XCBuildConfiguration section */

/* Begin XCConfigurationList section */
		5BC0EA222948E3BC00E07674 /* Build configuration list for PBXNativeTarget "Gas4OilTests" */ = {
			isa = XCConfigurationList;
			buildConfigurations = (
				5BC0EA232948E3BC00E07674 /* Debug */,
				5BC0EA242948E3BC00E07674 /* Release */,
			);
			defaultConfigurationIsVisible = 0;
			defaultConfigurationName = Release;
		};
		A444763D27D12DB500B25303 /* Build configuration list for PBXProject "Gas4Oil" */ = {
			isa = XCConfigurationList;
			buildConfigurations = (
				A444765527D12DB600B25303 /* Debug */,
				A444765627D12DB600B25303 /* Release */,
			);
			defaultConfigurationIsVisible = 0;
			defaultConfigurationName = Release;
		};
		A444765727D12DB600B25303 /* Build configuration list for PBXNativeTarget "Gas4Oil (iOS)" */ = {
			isa = XCConfigurationList;
			buildConfigurations = (
				A444765827D12DB600B25303 /* Debug */,
				A444765927D12DB600B25303 /* Release */,
			);
			defaultConfigurationIsVisible = 0;
			defaultConfigurationName = Release;
		};
		A444765A27D12DB600B25303 /* Build configuration list for PBXNativeTarget "Gas4Oil (macOS)" */ = {
			isa = XCConfigurationList;
			buildConfigurations = (
				A444765B27D12DB600B25303 /* Debug */,
				A444765C27D12DB600B25303 /* Release */,
			);
			defaultConfigurationIsVisible = 0;
			defaultConfigurationName = Release;
		};
/* End XCConfigurationList section */

/* Begin XCRemoteSwiftPackageReference section */
		A44F419928102FBF00CE8C81 /* XCRemoteSwiftPackageReference "SwiftUI-Shimmer" */ = {
			isa = XCRemoteSwiftPackageReference;
			repositoryURL = "https://github.com/markiv/SwiftUI-Shimmer";
			requirement = {
				kind = upToNextMajorVersion;
				minimumVersion = 1.5.1;
			};
		};
		A45D27A227E8E0F800C724D6 /* XCRemoteSwiftPackageReference "lottie-ios" */ = {
			isa = XCRemoteSwiftPackageReference;
			repositoryURL = "https://github.com/airbnb/lottie-ios.git";
			requirement = {
				kind = upToNextMajorVersion;
				minimumVersion = 4.6.1;
			};
		};
		A489DF3C27F997890020D769 /* XCRemoteSwiftPackageReference "NotificationBanner" */ = {
			isa = XCRemoteSwiftPackageReference;
			repositoryURL = "https://github.com/Daltron/NotificationBanner.git";
			requirement = {
				kind = upToNextMajorVersion;
				minimumVersion = 3.2.1;
			};
		};
/* End XCRemoteSwiftPackageReference section */

/* Begin XCSwiftPackageProductDependency section */
		5BB74FDB2D7311E6001D92C9 /* Shimmer */ = {
			isa = XCSwiftPackageProductDependency;
			package = A44F419928102FBF00CE8C81 /* XCRemoteSwiftPackageReference "SwiftUI-Shimmer" */;
			productName = Shimmer;
		};
		A44F419A28102FBF00CE8C81 /* Shimmer */ = {
			isa = XCSwiftPackageProductDependency;
			package = A44F419928102FBF00CE8C81 /* XCRemoteSwiftPackageReference "SwiftUI-Shimmer" */;
			productName = Shimmer;
		};
		A45D27A327E8E0F800C724D6 /* Lottie */ = {
			isa = XCSwiftPackageProductDependency;
			package = A45D27A227E8E0F800C724D6 /* XCRemoteSwiftPackageReference "lottie-ios" */;
			productName = Lottie;
		};
		A489DF3D27F997890020D769 /* NotificationBannerSwift */ = {
			isa = XCSwiftPackageProductDependency;
			package = A489DF3C27F997890020D769 /* XCRemoteSwiftPackageReference "NotificationBanner" */;
			productName = NotificationBannerSwift;
		};
		A489DF3F27F9A2C50020D769 /* Lottie */ = {
			isa = XCSwiftPackageProductDependency;
			package = A45D27A227E8E0F800C724D6 /* XCRemoteSwiftPackageReference "lottie-ios" */;
			productName = Lottie;
		};
/* End XCSwiftPackageProductDependency section */
	};
	rootObject = A444763A27D12DB500B25303 /* Project object */;
}
